# This file is automatically @generated by Poetry 2.3.3 and should not be changed by hand.

[[package]]
name = "confluent-kafka"
version = "2.14.0"
description = "Confluent's Python client for Apache Kafka"
optional = false
python-versions = ">=3.8"
groups = ["main"]
files = [
    {file = "confluent_kafka-2.14.0-cp310-cp310-macosx_10_9_x86_64.whl", hash = "sha256:a9a5205a90f60895737a671ee1a027813d539aaaa82984b793e7807ca35b24bf"},
    {file = "confluent_kafka-2.14.0-cp310-cp310-macosx_11_0_arm64.whl", hash = "sha256:f6405feef51d2881aeb6d360176bc1d20ffb1793f10684149bd89bf95483b535"},
    {file = "confluent_kafka-2.14.0-cp310-cp310-manylinux_2_28_aarch64.whl", hash = "sha256:259709101786221211fbe3e5654fef04b0c321066339a4c9e3cdb7dd27a0ad9d"},
    {file = "confluent_kafka-2.14.0-cp310-cp310-manylinux_2_28_x86_64.whl", hash = "sha256:f1fa8ed04e1e590c1d5f265aba0f0c03b82b5ee39c44d469f8a45b4f84aadbb9"},
    {file = "confluent_kafka-2.14.0-cp310-cp310-win_amd64.whl", hash = "sha256:5bf19b0ed1ed7af037b406163264220d560336e62a42adaaaa36a9ca9fc7cec8"},
    {file = "confluent_kafka-2.14.0-cp311-cp311-macosx_10_9_x86_64.whl", hash = "sha256:21c5ce6f388a5bd5d8f102026250faa528694cf7cf71fb6a1b321dad27874c1c"},
    {file = "confluent_kafka-2.14.0-cp311-cp311-macosx_11_0_arm64.whl", hash = "sha256:2eaeabe10c44f8b4c0b879602e804548f2c49eae9e5d40a6d88e372c4c876810"},
    {file = "confluent_kafka-2.14.0-cp311-cp311-manylinux_2_28_aarch64.whl", hash = "sha256:163f30cfe49f56d85d208ddf6db50a64cb4156d85ff0d5925cbf53c9c1ff5229"},
    {file = "confluent_kafka-2.14.0-cp311-cp311-manylinux_2_28_x86_64.whl", hash = "sha256:c86583d81b71c097e7fb9b2b7e45aa7e3f43cf23308319e0d6bd6eede3027732"},
    {file = "confluent_kafka-2.14.0-cp311-cp311-win_amd64.whl", hash = "sha256:74a9af680de1aab2a701c3a4645275374f556cabbf559fa569450fe4f8c61e25"},
    {file = "confluent_kafka-2.14.0-cp312-cp312-macosx_10_9_x86_64.whl", hash = "sha256:737b63f2389c9d63f3da0923681aa95abad1cb2f96b10f38192ef19ab727c883"},
    {file = "confluent_kafka-2.14.0-cp312-cp312-macosx_11_0_arm64.whl", hash = "sha256:1610aa31880c874bfa3351d898d6e6cdbfab2a0f9443598fd64425bbc815cb06"},
    {file = "confluent_kafka-2.14.0-cp312-cp312-manylinux_2_28_aarch64.whl", hash = "sha256:9cca8929bbc3d68a3299b21239c48def860f04e4661c7a59efe3104ecaea0e08"},
    {file = "confluent_kafka-2.14.0-cp312-cp312-manylinux_2_28_x86_64.whl", hash = "sha256:4d2e4718371c06579f649835239d1acf6ab5386a88f70e9cb9b839855c83c4a9"},
    {file = "confluent_kafka-2.14.0-cp312-cp312-win_amd64.whl", hash = "sha256:c37aff51512e817316edd6eafa8a2e59745052a7d1e61e09931b1caa11803266"},
    {file = "confluent_kafka-2.14.0-cp313-cp313-macosx_13_0_arm64.whl", hash = "sha256:a6dc0e49e8ac99854bd89ec7ac16c54af4488c7617baa633e615320dfbe44b25"},
    {file = "confluent_kafka-2.14.0-cp313-cp313-macosx_13_0_x86_64.whl", hash = "sha256:308c972b23f44e4d0eb3e76b987872c9a7d04148a5a4f29313bbbec3841d75b4"},
    {file = "confluent_kafka-2.14.0-cp313-cp313-manylinux_2_28_aarch64.whl", hash = "sha256:9b0acf2fffa19a6ffc2d6f0b82f3b7f1771f5d3943312438f3532ae69b6f2e83"},
    {file = "confluent_kafka-2.14.0-cp313-cp313-manylinux_2_28_x86_64.whl", hash = "sha256:0023a941dbd8a2325e9e0d13ed1b2236c7d4ff3279b3d99cf06cf1409ab26d22"},
    {file = "confluent_kafka-2.14.0-cp313-cp313-win_amd64.whl", hash = "sha256:3da898df3ebb866f61312365e9108cbadcfe74fb73af8d03add856542e715cfe"},
    {file = "confluent_kafka-2.14.0-cp314-cp314-macosx_13_0_arm64.whl", hash = "sha256:05bbf9745cadb1a6fd3b03508572d2cd5455d8d9960a437537ddac9d3f89ee49"},
    {file = "confluent_kafka-2.14.0-cp314-cp314-macosx_13_0_x86_64.whl", hash = "sha256:32a72ff85d7b4428532aa477b8dfa4223a5c69f4e90fecaa64e1924cc99a06b6"},
    {file = "confluent_kafka-2.14.0-cp314-cp314-manylinux_2_28_aarch64.whl", hash = "sha256:4fd75d53e0e36f7ff9c5454f7a3cf4a54790db3bfda169c3b582ddc97111f6f6"},
    {file = "confluent_kafka-2.14.0-cp314-cp314-manylinux_2_28_x86_64.whl", hash = "sha256:eb17528ec7b177ec5e38214852f3dadb5d77172e0fb25c7c992c0cbc3dcfbaa2"},
    {file = "confluent_kafka-2.14.0-cp314-cp314-win_amd64.whl", hash = "sha256:578afb532ded604cb98174a14a88847367191bcbe4f52a1661f5238dc5cf75dd"},
    {file = "confluent_kafka-2.14.0-cp38-cp38-macosx_10_9_x86_64.whl", hash = "sha256:e5d19d48f34aa95fc3b9230481c0271cbc5dec1ed4ca02e94789bdd254517854"},
    {file = "confluent_kafka-2.14.0-cp38-cp38-macosx_11_0_arm64.whl", hash = "sha256:073c89cb29c81c6d2b96c1503f88d96af8af44dc9cfaf51bb21447830c6a511b"},
    {file = "confluent_kafka-2.14.0-cp38-cp38-manylinux_2_28_aarch64.whl", hash = "sha256:bda97981149fbfafe066e5a46cb988785dc9c4d6ac52ff981c044364921dc243"},
    {file = "confluent_kafka-2.14.0-cp38-cp38-manylinux_2_28_x86_64.whl", hash = "sha256:f31ddd2a25728e6388e0ead3c231c4cf460577edfb3cc3de6693a11ed1014d42"},
    {file = "confluent_kafka-2.14.0-cp38-cp38-win_amd64.whl", hash = "sha256:8b291848a3398f91a4336cfe2a8a61b3583390fe10f6af8f5b110df4eea99940"},
    {file = "confluent_kafka-2.14.0-cp39-cp39-macosx_10_9_x86_64.whl", hash = "sha256:cefd69330800d7d60d790879176b33d19f9c6bfc3ca77a6be94045fc79102390"},
    {file = "confluent_kafka-2.14.0-cp39-cp39-macosx_11_0_arm64.whl", hash = "sha256:33d7984ad73de6d6671f859d598e91551595d0a681ade4f78461152bf11e7a7a"},
    {file = "confluent_kafka-2.14.0-cp39-cp39-manylinux_2_28_aarch64.whl", hash = "sha256:376abebb8ddc7bee54ab529d28cc6fbe55dac8dc07cc7cf5d49814245032f021"},
    {file = "confluent_kafka-2.14.0-cp39-cp39-manylinux_2_28_x86_64.whl", hash = "sha256:01bbbdccccb3406ab724e02c4f6ce5aea1671f9a85d009e3a0b6e524d464a4c2"},
    {file = "confluent_kafka-2.14.0-cp39-cp39-win_amd64.whl", hash = "sha256:63e636813d4350b9c26f94af09c48225245ed508fd6f53c755f4b0cb76ff5fdb"},
    {file = "confluent_kafka-2.14.0.tar.gz", hash = "sha256:34efddfd06766d1153d10a70c23a98f6035e253a906db8ed04cb0249fc3b0fd2"},
]

[package.extras]
all = ["async-timeout", "attrs", "attrs", "attrs (>=21.2.0)", "authlib (>=1.0.0)", "authlib (>=1.0.0)", "avro (>=1.11.1,<2)", "avro (>=1.11.1,<2)", "azure-identity", "azure-identity", "azure-keyvault-keys", "azure-keyvault-keys", "black (>=24.0.0)", "boto3", "boto3 (>=1.35)", "cachetools", "cachetools (>=5.5.0)", "cel-python (>=0.4.0)", "cel-python (>=0.4.0)", "certifi", "confluent-kafka", "fastapi", "fastavro (>=1.5.4,<1.8.0) ; python_version == \"3.7\"", "fastavro (>=1.5.4,<1.8.0) ; python_version == \"3.7\"", "fastavro (>=1.5.4,<2) ; python_version > \"3.7\"", "fastavro (>=1.5.4,<2) ; python_version > \"3.7\"", "flake8", "google-api-core", "google-api-core", "google-auth", "google-auth", "google-cloud-kms", "google-cloud-kms", "google-re2 (<1.1.20251105)", "googleapis-common-protos", "googleapis-common-protos", "hkdf (==0.0.3)", "hkdf (==0.0.3)", "httpx (>=0.26)", "httpx (>=0.26)", "hvac", "hvac", "isort (>=5.13.0)", "jsonata-python", "jsonata-python", "jsonschema (>=4.18.0)", "jsonschema (>=4.18.0)", "mypy", "opentelemetry-distro", "opentelemetry-exporter-otlp", "orjson", "orjson (>=3.10)", "orjson (>=3.10)", "pandoc", "pluggy (<1.6.0)", "protobuf", "protobuf", "psutil", "pydantic", "pyrsistent", "pyrsistent", "pytest", "pytest-asyncio", "pytest-timeout", "pytest_cov", "pyyaml (>=6.0.0)", "pyyaml (>=6.0.0)", "requests", "requests", "requests-mock", "respx", "six", "sphinx", "sphinx-rtd-theme", "tink", "tink", "tomli ; python_version < \"3.11\"", "types-cachetools", "types-requests", "urllib3 (<3)", "uvicorn"]
avro = ["attrs (>=21.2.0)", "authlib (>=1.0.0)", "avro (>=1.11.1,<2)", "cachetools (>=5.5.0)", "certifi", "fastavro (>=1.5.4,<1.8.0) ; python_version == \"3.7\"", "fastavro (>=1.5.4,<2) ; python_version > \"3.7\"", "httpx (>=0.26)", "requests"]
dev = ["async-timeout", "attrs", "attrs", "attrs (>=21.2.0)", "authlib (>=1.0.0)", "authlib (>=1.0.0)", "avro (>=1.11.1,<2)", "avro (>=1.11.1,<2)", "azure-identity", "azure-identity", "azure-keyvault-keys", "azure-keyvault-keys", "black (>=24.0.0)", "boto3", "boto3 (>=1.35)", "cachetools", "cachetools (>=5.5.0)", "cel-python (>=0.4.0)", "cel-python (>=0.4.0)", "certifi", "confluent-kafka", "fastapi", "fastavro (>=1.5.4,<1.8.0) ; python_version == \"3.7\"", "fastavro (>=1.5.4,<1.8.0) ; python_version == \"3.7\"", "fastavro (>=1.5.4,<2) ; python_version > \"3.7\"", "fastavro (>=1.5.4,<2) ; python_version > \"3.7\"", "flake8", "google-api-core", "google-api-core", "google-auth", "google-auth", "google-cloud-kms", "google-cloud-kms", "google-re2 (<1.1.20251105)", "googleapis-common-protos", "googleapis-common-protos", "hkdf (==0.0.3)", "hkdf (==0.0.3)", "httpx (>=0.26)", "httpx (>=0.26)", "hvac", "hvac", "isort (>=5.13.0)", "jsonata-python", "jsonata-python", "jsonschema (>=4.18.0)", "jsonschema (>=4.18.0)", "mypy", "orjson", "orjson (>=3.10)", "orjson (>=3.10)", "pandoc", "pluggy (<1.6.0)", "protobuf", "protobuf", "pydantic", "pyrsistent", "pyrsistent", "pytest", "pytest-asyncio", "pytest-timeout", "pytest_cov", "pyyaml (>=6.0.0)", "pyyaml (>=6.0.0)", "requests", "requests", "requests-mock", "respx", "six", "sphinx", "sphinx-rtd-theme", "tink", "tink", "tomli ; python_version < \"3.11\"", "types-cachetools", "types-requests", "urllib3 (<3)", "uvicorn"]
docs = ["attrs (>=21.2.0)", "authlib (>=1.0.0)", "avro (>=1.11.1,<2)", "azure-identity", "azure-keyvault-keys", "boto3 (>=1.35)", "cachetools (>=5.5.0)", "cel-python (>=0.4.0)", "certifi", "fastavro (>=1.5.4,<1.8.0) ; python_version == \"3.7\"", "fastavro (>=1.5.4,<2) ; python_version > \"3.7\"", "google-api-core", "google-auth", "google-cloud-kms", "google-re2 (<1.1.20251105)", "googleapis-common-protos", "hkdf (==0.0.3)", "httpx (>=0.26)", "hvac", "jsonata-python", "jsonschema (>=4.18.0)", "orjson (>=3.10)", "pandoc", "protobuf", "pyrsistent", "pyyaml (>=6.0.0)", "requests", "sphinx", "sphinx-rtd-theme", "tink", "tomli ; python_version < \"3.11\""]
examples = ["attrs", "authlib (>=1.0.0)", "avro (>=1.11.1,<2)", "azure-identity", "azure-keyvault-keys", "boto3", "cachetools", "cel-python (>=0.4.0)", "confluent-kafka", "fastapi", "fastavro (>=1.5.4,<1.8.0) ; python_version == \"3.7\"", "fastavro (>=1.5.4,<2) ; python_version > \"3.7\"", "google-api-core", "google-auth", "google-cloud-kms", "googleapis-common-protos", "hkdf (==0.0.3)", "httpx (>=0.26)", "hvac", "jsonata-python", "jsonschema (>=4.18.0)", "orjson (>=3.10)", "protobuf", "pydantic", "pyrsistent", "pyyaml (>=6.0.0)", "requests", "six", "tink", "uvicorn"]
json = ["attrs (>=21.2.0)", "authlib (>=1.0.0)", "cachetools (>=5.5.0)", "certifi", "httpx (>=0.26)", "jsonschema (>=4.18.0)", "orjson (>=3.10)", "pyrsistent"]
protobuf = ["attrs (>=21.2.0)", "authlib (>=1.0.0)", "cachetools (>=5.5.0)", "certifi", "googleapis-common-protos", "httpx (>=0.26)", "protobuf"]
rules = ["attrs (>=21.2.0)", "authlib (>=1.0.0)", "azure-identity", "azure-keyvault-keys", "boto3 (>=1.35)", "cachetools (>=5.5.0)", "cel-python (>=0.4.0)", "certifi", "google-api-core", "google-auth", "google-cloud-kms", "google-re2 (<1.1.20251105)", "hkdf (==0.0.3)", "httpx (>=0.26)", "hvac", "jsonata-python", "pyyaml (>=6.0.0)", "tink"]
schema-registry = ["attrs (>=21.2.0)", "authlib (>=1.0.0)", "cachetools (>=5.5.0)", "certifi", "httpx (>=0.26)"]
schemaregistry = ["attrs (>=21.2.0)", "authlib (>=1.0.0)", "cachetools (>=5.5.0)", "certifi", "httpx (>=0.26)"]
soaktest = ["opentelemetry-distro", "opentelemetry-exporter-otlp", "psutil"]
tests = ["async-timeout", "attrs", "attrs (>=21.2.0)", "authlib (>=1.0.0)", "avro (>=1.11.1,<2)", "azure-identity", "azure-keyvault-keys", "black (>=24.0.0)", "boto3 (>=1.35)", "cachetools (>=5.5.0)", "cel-python (>=0.4.0)", "certifi", "fastavro (>=1.5.4,<1.8.0) ; python_version == \"3.7\"", "fastavro (>=1.5.4,<2) ; python_version > \"3.7\"", "flake8", "google-api-core", "google-auth", "google-cloud-kms", "google-re2 (<1.1.20251105)", "googleapis-common-protos", "hkdf (==0.0.3)", "httpx (>=0.26)", "hvac", "isort (>=5.13.0)", "jsonata-python", "jsonschema (>=4.18.0)", "mypy", "orjson", "orjson (>=3.10)", "pluggy (<1.6.0)", "protobuf", "pyrsistent", "pytest", "pytest-asyncio", "pytest-timeout", "pytest_cov", "pyyaml (>=6.0.0)", "requests", "requests-mock", "respx", "tink", "types-cachetools", "types-requests", "urllib3 (<3)"]

[metadata]
lock-version = "2.1"
python-versions = ">=3.13"
content-hash = "3040246b2773fde8656f1de1a5e69c1d4ae1c8246f85588e9d38423132546c79"
